#MicroXplorer Configuration settings - do not modify
ADC1.Channel-1\#ChannelRegularConversion=ADC_CHANNEL_2
ADC1.Channel-2\#ChannelRegularConversion=ADC_CHANNEL_3
ADC1.ContinuousConvMode=ENABLE
ADC1.DMAContinuousRequests=ENABLE
ADC1.IPParameters=Rank-1\#ChannelRegularConversion,master,Channel-1\#ChannelRegularConversion,SamplingTime-1\#ChannelRegularConversion,NbrOfConversionFlag,ScanConvMode,ContinuousConvMode,DMAContinuousRequests,Rank-2\#ChannelRegularConversion,Channel-2\#ChannelRegularConversion,SamplingTime-2\#ChannelRegularConversion,NbrOfConversion
ADC1.NbrOfConversion=2
ADC1.NbrOfConversionFlag=1
ADC1.Rank-1\#ChannelRegularConversion=1
ADC1.Rank-2\#ChannelRegularConversion=2
ADC1.SamplingTime-1\#ChannelRegularConversion=ADC_SAMPLETIME_56CYCLES
ADC1.SamplingTime-2\#ChannelRegularConversion=ADC_SAMPLETIME_56CYCLES
ADC1.ScanConvMode=ENABLE
ADC1.master=1
ADC2.Channel-2\#ChannelRegularConversion=ADC_CHANNEL_6
ADC2.Channel-3\#ChannelRegularConversion=ADC_CHANNEL_7
ADC2.ContinuousConvMode=ENABLE
ADC2.DMAContinuousRequests=ENABLE
ADC2.IPParameters=Rank-2\#ChannelRegularConversion,Channel-2\#ChannelRegularConversion,SamplingTime-2\#ChannelRegularConversion,NbrOfConversionFlag,ScanConvMode,ContinuousConvMode,DMAContinuousRequests,Rank-3\#ChannelRegularConversion,Channel-3\#ChannelRegularConversion,SamplingTime-3\#ChannelRegularConversion,NbrOfConversion
ADC2.NbrOfConversion=2
ADC2.NbrOfConversionFlag=1
ADC2.Rank-2\#ChannelRegularConversion=1
ADC2.Rank-3\#ChannelRegularConversion=2
ADC2.SamplingTime-2\#ChannelRegularConversion=ADC_SAMPLETIME_15CYCLES
ADC2.SamplingTime-3\#ChannelRegularConversion=ADC_SAMPLETIME_15CYCLES
ADC2.ScanConvMode=ENABLE
CAD.formats=
CAD.pinconfig=
CAD.provider=
CAN1.ABOM=ENABLE
CAN1.BS1=CAN_BS1_11TQ
CAN1.BS2=CAN_BS2_2TQ
CAN1.CalculateBaudRate=500000
CAN1.CalculateTimeBit=2000
CAN1.CalculateTimeQuantum=142.85714285714286
CAN1.IPParameters=CalculateTimeQuantum,CalculateTimeBit,CalculateBaudRate,Prescaler,NART,BS1,BS2,ABOM
CAN1.NART=ENABLE
CAN1.Prescaler=6
Dma.ADC1.0.Direction=DMA_PERIPH_TO_MEMORY
Dma.ADC1.0.FIFOMode=DMA_FIFOMODE_DISABLE
Dma.ADC1.0.Instance=DMA2_Stream0
Dma.ADC1.0.MemDataAlignment=DMA_MDATAALIGN_HALFWORD
Dma.ADC1.0.MemInc=DMA_MINC_ENABLE
Dma.ADC1.0.Mode=DMA_CIRCULAR
Dma.ADC1.0.PeriphDataAlignment=DMA_PDATAALIGN_HALFWORD
Dma.ADC1.0.PeriphInc=DMA_PINC_DISABLE
Dma.ADC1.0.Priority=DMA_PRIORITY_LOW
Dma.ADC1.0.RequestParameters=Instance,Direction,PeriphInc,MemInc,PeriphDataAlignment,MemDataAlignment,Mode,Priority,FIFOMode
Dma.ADC2.1.Direction=DMA_PERIPH_TO_MEMORY
Dma.ADC2.1.FIFOMode=DMA_FIFOMODE_DISABLE
Dma.ADC2.1.Instance=DMA2_Stream2
Dma.ADC2.1.MemDataAlignment=DMA_MDATAALIGN_HALFWORD
Dma.ADC2.1.MemInc=DMA_MINC_ENABLE
Dma.ADC2.1.Mode=DMA_CIRCULAR
Dma.ADC2.1.PeriphDataAlignment=DMA_PDATAALIGN_HALFWORD
Dma.ADC2.1.PeriphInc=DMA_PINC_DISABLE
Dma.ADC2.1.Priority=DMA_PRIORITY_LOW
Dma.ADC2.1.RequestParameters=Instance,Direction,PeriphInc,MemInc,PeriphDataAlignment,MemDataAlignment,Mode,Priority,FIFOMode
Dma.I2C1_RX.7.Direction=DMA_PERIPH_TO_MEMORY
Dma.I2C1_RX.7.FIFOMode=DMA_FIFOMODE_DISABLE
Dma.I2C1_RX.7.Instance=DMA1_Stream0
Dma.I2C1_RX.7.MemDataAlignment=DMA_MDATAALIGN_BYTE
Dma.I2C1_RX.7.MemInc=DMA_MINC_ENABLE
Dma.I2C1_RX.7.Mode=DMA_NORMAL
Dma.I2C1_RX.7.PeriphDataAlignment=DMA_PDATAALIGN_BYTE
Dma.I2C1_RX.7.PeriphInc=DMA_PINC_DISABLE
Dma.I2C1_RX.7.Priority=DMA_PRIORITY_LOW
Dma.I2C1_RX.7.RequestParameters=Instance,Direction,PeriphInc,MemInc,PeriphDataAlignment,MemDataAlignment,Mode,Priority,FIFOMode
Dma.I2C1_TX.8.Direction=DMA_MEMORY_TO_PERIPH
Dma.I2C1_TX.8.FIFOMode=DMA_FIFOMODE_DISABLE
Dma.I2C1_TX.8.Instance=DMA1_Stream6
Dma.I2C1_TX.8.MemDataAlignment=DMA_MDATAALIGN_BYTE
Dma.I2C1_TX.8.MemInc=DMA_MINC_ENABLE
Dma.I2C1_TX.8.Mode=DMA_NORMAL
Dma.I2C1_TX.8.PeriphDataAlignment=DMA_PDATAALIGN_BYTE
Dma.I2C1_TX.8.PeriphInc=DMA_PINC_DISABLE
Dma.I2C1_TX.8.Priority=DMA_PRIORITY_LOW
Dma.I2C1_TX.8.RequestParameters=Instance,Direction,PeriphInc,MemInc,PeriphDataAlignment,MemDataAlignment,Mode,Priority,FIFOMode
Dma.Request0=ADC1
Dma.Request1=ADC2
Dma.Request2=SPI2_TX
Dma.Request3=SPI2_RX
Dma.Request4=USART1_RX
Dma.Request5=USART1_TX
Dma.Request6=SPI1_TX
Dma.Request7=I2C1_RX
Dma.Request8=I2C1_TX
Dma.RequestsNb=9
Dma.SPI1_TX.6.Direction=DMA_MEMORY_TO_PERIPH
Dma.SPI1_TX.6.FIFOMode=DMA_FIFOMODE_DISABLE
Dma.SPI1_TX.6.Instance=DMA2_Stream3
Dma.SPI1_TX.6.MemDataAlignment=DMA_MDATAALIGN_BYTE
Dma.SPI1_TX.6.MemInc=DMA_MINC_ENABLE
Dma.SPI1_TX.6.Mode=DMA_NORMAL
Dma.SPI1_TX.6.PeriphDataAlignment=DMA_PDATAALIGN_BYTE
Dma.SPI1_TX.6.PeriphInc=DMA_PINC_DISABLE
Dma.SPI1_TX.6.Priority=DMA_PRIORITY_LOW
Dma.SPI1_TX.6.RequestParameters=Instance,Direction,PeriphInc,MemInc,PeriphDataAlignment,MemDataAlignment,Mode,Priority,FIFOMode
Dma.SPI2_RX.3.Direction=DMA_PERIPH_TO_MEMORY
Dma.SPI2_RX.3.FIFOMode=DMA_FIFOMODE_DISABLE
Dma.SPI2_RX.3.Instance=DMA1_Stream3
Dma.SPI2_RX.3.MemDataAlignment=DMA_MDATAALIGN_BYTE
Dma.SPI2_RX.3.MemInc=DMA_MINC_ENABLE
Dma.SPI2_RX.3.Mode=DMA_NORMAL
Dma.SPI2_RX.3.PeriphDataAlignment=DMA_PDATAALIGN_BYTE
Dma.SPI2_RX.3.PeriphInc=DMA_PINC_DISABLE
Dma.SPI2_RX.3.Priority=DMA_PRIORITY_LOW
Dma.SPI2_RX.3.RequestParameters=Instance,Direction,PeriphInc,MemInc,PeriphDataAlignment,MemDataAlignment,Mode,Priority,FIFOMode
Dma.SPI2_TX.2.Direction=DMA_MEMORY_TO_PERIPH
Dma.SPI2_TX.2.FIFOMode=DMA_FIFOMODE_DISABLE
Dma.SPI2_TX.2.Instance=DMA1_Stream4
Dma.SPI2_TX.2.MemDataAlignment=DMA_MDATAALIGN_BYTE
Dma.SPI2_TX.2.MemInc=DMA_MINC_ENABLE
Dma.SPI2_TX.2.Mode=DMA_NORMAL
Dma.SPI2_TX.2.PeriphDataAlignment=DMA_PDATAALIGN_BYTE
Dma.SPI2_TX.2.PeriphInc=DMA_PINC_DISABLE
Dma.SPI2_TX.2.Priority=DMA_PRIORITY_LOW
Dma.SPI2_TX.2.RequestParameters=Instance,Direction,PeriphInc,MemInc,PeriphDataAlignment,MemDataAlignment,Mode,Priority,FIFOMode
Dma.USART1_RX.4.Direction=DMA_PERIPH_TO_MEMORY
Dma.USART1_RX.4.FIFOMode=DMA_FIFOMODE_DISABLE
Dma.USART1_RX.4.Instance=DMA2_Stream5
Dma.USART1_RX.4.MemDataAlignment=DMA_MDATAALIGN_BYTE
Dma.USART1_RX.4.MemInc=DMA_MINC_ENABLE
Dma.USART1_RX.4.Mode=DMA_NORMAL
Dma.USART1_RX.4.PeriphDataAlignment=DMA_PDATAALIGN_BYTE
Dma.USART1_RX.4.PeriphInc=DMA_PINC_DISABLE
Dma.USART1_RX.4.Priority=DMA_PRIORITY_LOW
Dma.USART1_RX.4.RequestParameters=Instance,Direction,PeriphInc,MemInc,PeriphDataAlignment,MemDataAlignment,Mode,Priority,FIFOMode
Dma.USART1_TX.5.Direction=DMA_MEMORY_TO_PERIPH
Dma.USART1_TX.5.FIFOMode=DMA_FIFOMODE_DISABLE
Dma.USART1_TX.5.Instance=DMA2_Stream7
Dma.USART1_TX.5.MemDataAlignment=DMA_MDATAALIGN_BYTE
Dma.USART1_TX.5.MemInc=DMA_MINC_ENABLE
Dma.USART1_TX.5.Mode=DMA_NORMAL
Dma.USART1_TX.5.PeriphDataAlignment=DMA_PDATAALIGN_BYTE
Dma.USART1_TX.5.PeriphInc=DMA_PINC_DISABLE
Dma.USART1_TX.5.Priority=DMA_PRIORITY_LOW
Dma.USART1_TX.5.RequestParameters=Instance,Direction,PeriphInc,MemInc,PeriphDataAlignment,MemDataAlignment,Mode,Priority,FIFOMode
FREERTOS.FootprintOK=true
FREERTOS.IPParameters=Tasks01,configENABLE_FPU,configUSE_NEWLIB_REENTRANT,Timers01,FootprintOK,configTIMER_TASK_PRIORITY,configGENERATE_RUN_TIME_STATS,configTOTAL_HEAP_SIZE
FREERTOS.Tasks01=defaultTask,32,128,StartDefaultTask,Default,NULL,Dynamic,NULL,NULL;taskModbusUSB,24,600,StartTaskModbusUSB,Default,NULL,Dynamic,NULL,NULL;uiTask,16,512,uiTaskStart,Default,NULL,Static,uiTaskBuffer,uiTaskControlBlock;canopen,25,4096,canopen_task,Default,NULL,Static,canopenBuffer,canopenControlBlock
FREERTOS.Timers01=timerSoftstart,timerSoftstartCallback,osTimerOnce,Default,NULL,Static,timerSoftstartControlBlock;LEDTimer,LEDTimerCallback,osTimerPeriodic,Default,NULL,Static,LEDTimerControlBlock
FREERTOS.configENABLE_FPU=1
FREERTOS.configGENERATE_RUN_TIME_STATS=1
FREERTOS.configTIMER_TASK_PRIORITY=32
FREERTOS.configTOTAL_HEAP_SIZE=64000
FREERTOS.configUSE_NEWLIB_REENTRANT=1
File.Version=6
GPIO.groupedBy=Group By Peripherals
I2C1.I2C_Mode=I2C_Fast
I2C1.IPParameters=I2C_Mode
KeepUserPlacement=false
Mcu.CPN=STM32F407VET6
Mcu.Family=STM32F4
Mcu.IP0=ADC1
Mcu.IP1=ADC2
Mcu.IP10=SPI2
Mcu.IP11=SPI3
Mcu.IP12=SYS
Mcu.IP13=TIM1
Mcu.IP14=TIM2
Mcu.IP15=TIM3
Mcu.IP16=TIM4
Mcu.IP17=TIM5
Mcu.IP18=TIM6
Mcu.IP19=USART1
Mcu.IP2=CAN1
Mcu.IP20=USART2
Mcu.IP21=USB_DEVICE
Mcu.IP22=USB_OTG_FS
Mcu.IP3=DAC
Mcu.IP4=DMA
Mcu.IP5=FREERTOS
Mcu.IP6=I2C1
Mcu.IP7=NVIC
Mcu.IP8=RCC
Mcu.IP9=SPI1
Mcu.IPNb=23
Mcu.Name=STM32F407V(E-G)Tx
Mcu.Package=LQFP100
Mcu.Pin0=PE2
Mcu.Pin1=PE3
Mcu.Pin10=PA1
Mcu.Pin11=PA2
Mcu.Pin12=PA3
Mcu.Pin13=PA4
Mcu.Pin14=PA5
Mcu.Pin15=PA6
Mcu.Pin16=PA7
Mcu.Pin17=PC4
Mcu.Pin18=PC5
Mcu.Pin19=PB0
Mcu.Pin2=PE4
Mcu.Pin20=PB1
Mcu.Pin21=PE8
Mcu.Pin22=PE9
Mcu.Pin23=PE11
Mcu.Pin24=PE13
Mcu.Pin25=PE15
Mcu.Pin26=PB10
Mcu.Pin27=PB11
Mcu.Pin28=PD8
Mcu.Pin29=PD9
Mcu.Pin3=PE5
Mcu.Pin30=PD10
Mcu.Pin31=PD11
Mcu.Pin32=PD12
Mcu.Pin33=PD13
Mcu.Pin34=PD14
Mcu.Pin35=PD15
Mcu.Pin36=PC6
Mcu.Pin37=PC7
Mcu.Pin38=PC8
Mcu.Pin39=PC9
Mcu.Pin4=PE6
Mcu.Pin40=PA8
Mcu.Pin41=PA9
Mcu.Pin42=PA10
Mcu.Pin43=PA11
Mcu.Pin44=PA12
Mcu.Pin45=PA13
Mcu.Pin46=PA14
Mcu.Pin47=PA15
Mcu.Pin48=PC10
Mcu.Pin49=PC11
Mcu.Pin5=PH0-OSC_IN
Mcu.Pin50=PC12
Mcu.Pin51=PD0
Mcu.Pin52=PD1
Mcu.Pin53=PD2
Mcu.Pin54=PD3
Mcu.Pin55=PD4
Mcu.Pin56=PD5
Mcu.Pin57=PD6
Mcu.Pin58=PD7
Mcu.Pin59=PB3
Mcu.Pin6=PH1-OSC_OUT
Mcu.Pin60=PB4
Mcu.Pin61=PB5
Mcu.Pin62=PB6
Mcu.Pin63=PB7
Mcu.Pin64=PB8
Mcu.Pin65=PB9
Mcu.Pin66=PE0
Mcu.Pin67=PE1
Mcu.Pin68=VP_ADC1_TempSens_Input
Mcu.Pin69=VP_FREERTOS_VS_CMSIS_V2
Mcu.Pin7=PC2
Mcu.Pin70=VP_SYS_VS_tim11
Mcu.Pin71=VP_TIM1_VS_ClockSourceINT
Mcu.Pin72=VP_TIM4_VS_ControllerModeClock
Mcu.Pin73=VP_TIM5_VS_ClockSourceINT
Mcu.Pin74=VP_TIM6_VS_ClockSourceINT
Mcu.Pin75=VP_USB_DEVICE_VS_USB_DEVICE_CDC_FS
Mcu.Pin8=PC3
Mcu.Pin9=PA0-WKUP
Mcu.PinsNb=76
Mcu.ThirdPartyNb=0
Mcu.UserConstants=
Mcu.UserName=STM32F407VETx
MxCube.Version=6.8.0
MxDb.Version=DB.6.0.80
NVIC.BusFault_IRQn=true\:0\:0\:false\:false\:true\:false\:false\:false\:false
NVIC.CAN1_RX0_IRQn=true\:5\:0\:false\:false\:true\:true\:true\:true\:true
NVIC.CAN1_RX1_IRQn=true\:5\:0\:false\:false\:true\:true\:true\:true\:true
NVIC.CAN1_TX_IRQn=true\:5\:0\:false\:false\:true\:true\:true\:true\:true
NVIC.DMA1_Stream0_IRQn=true\:5\:0\:false\:false\:true\:true\:false\:true\:true
NVIC.DMA1_Stream3_IRQn=true\:5\:0\:false\:false\:true\:true\:false\:true\:true
NVIC.DMA1_Stream4_IRQn=true\:5\:0\:false\:false\:true\:true\:false\:true\:true
NVIC.DMA1_Stream6_IRQn=true\:5\:0\:false\:false\:true\:true\:false\:true\:true
NVIC.DMA2_Stream0_IRQn=true\:5\:0\:false\:false\:true\:true\:false\:true\:true
NVIC.DMA2_Stream2_IRQn=true\:5\:0\:false\:false\:true\:true\:false\:true\:true
NVIC.DMA2_Stream3_IRQn=true\:5\:0\:false\:false\:true\:true\:false\:true\:true
NVIC.DMA2_Stream5_IRQn=true\:5\:0\:false\:false\:true\:true\:false\:true\:true
NVIC.DMA2_Stream7_IRQn=true\:5\:0\:false\:false\:true\:true\:false\:true\:true
NVIC.DebugMonitor_IRQn=true\:0\:0\:false\:false\:true\:false\:false\:false\:false
NVIC.EXTI15_10_IRQn=true\:5\:0\:false\:false\:true\:true\:true\:true\:true
NVIC.EXTI1_IRQn=true\:5\:0\:false\:false\:true\:true\:true\:true\:true
NVIC.EXTI9_5_IRQn=true\:5\:0\:false\:false\:true\:true\:true\:true\:true
NVIC.ForceEnableDMAVector=true
NVIC.HardFault_IRQn=true\:0\:0\:false\:false\:true\:false\:false\:false\:false
NVIC.MemoryManagement_IRQn=true\:0\:0\:false\:false\:true\:false\:false\:false\:false
NVIC.NonMaskableInt_IRQn=true\:0\:0\:false\:false\:true\:false\:false\:false\:false
NVIC.OTG_FS_IRQn=true\:6\:0\:true\:false\:true\:true\:false\:true\:true
NVIC.PendSV_IRQn=true\:15\:0\:false\:false\:false\:true\:false\:false\:false
NVIC.PriorityGroup=NVIC_PRIORITYGROUP_4
NVIC.SVCall_IRQn=true\:0\:0\:false\:false\:false\:false\:false\:false\:false
NVIC.SavedPendsvIrqHandlerGenerated=true
NVIC.SavedSvcallIrqHandlerGenerated=true
NVIC.SavedSystickIrqHandlerGenerated=true
NVIC.SysTick_IRQn=true\:15\:0\:false\:false\:false\:true\:false\:true\:false
NVIC.TIM1_TRG_COM_TIM11_IRQn=true\:15\:0\:false\:false\:true\:false\:false\:true\:true
NVIC.TIM5_IRQn=true\:5\:0\:false\:false\:true\:true\:true\:true\:true
NVIC.TIM6_DAC_IRQn=true\:5\:0\:false\:false\:true\:true\:true\:true\:true
NVIC.TimeBase=TIM1_TRG_COM_TIM11_IRQn
NVIC.TimeBaseIP=TIM11
NVIC.UsageFault_IRQn=true\:0\:0\:false\:false\:true\:false\:false\:false\:false
PA0-WKUP.GPIOParameters=GPIO_Label
PA0-WKUP.GPIO_Label=BRAKE
PA0-WKUP.Signal=S_TIM2_CH1_ETR
PA1.GPIOParameters=GPIO_Label
PA1.GPIO_Label=IGBT_FAULT
PA1.Locked=true
PA1.Signal=GPXTI1
PA10.GPIOParameters=GPIO_Label
PA10.GPIO_Label=ENCODER_RX
PA10.Mode=Asynchronous
PA10.Signal=USART1_RX
PA11.Mode=Device_Only
PA11.Signal=USB_OTG_FS_DM
PA12.Mode=Device_Only
PA12.Signal=USB_OTG_FS_DP
PA13.Mode=Serial_Wire
PA13.Signal=SYS_JTMS-SWDIO
PA14.Mode=Serial_Wire
PA14.Signal=SYS_JTCK-SWCLK
PA15.GPIOParameters=GPIO_Label
PA15.GPIO_Label=OLED_DC
PA15.Locked=true
PA15.Signal=GPIO_Output
PA2.Locked=true
PA2.Signal=ADCx_IN2
PA3.Locked=true
PA3.Signal=ADCx_IN3
PA4.GPIOParameters=GPIO_Label
PA4.GPIO_Label=DAC1
PA4.Signal=COMP_DAC1_group
PA5.GPIOParameters=GPIO_Label
PA5.GPIO_Label=DAC2
PA5.Signal=COMP_DAC2_group
PA6.GPIOParameters=GPIO_Label
PA6.GPIO_Label=I_U
PA6.Locked=true
PA6.Signal=ADCx_IN6
PA7.GPIOParameters=GPIO_Label
PA7.GPIO_Label=I_V
PA7.Locked=true
PA7.Signal=ADCx_IN7
PA8.GPIOParameters=PinState,GPIO_Label
PA8.GPIO_Label=ENCODER_DE
PA8.Locked=true
PA8.PinState=GPIO_PIN_RESET
PA8.Signal=GPIO_Output
PA9.GPIOParameters=GPIO_Label
PA9.GPIO_Label=ENCODER_TX
PA9.Mode=Asynchronous
PA9.Signal=USART1_TX
PB0.GPIOParameters=GPIO_ModeDefaultPP,GPIO_Speed,GPIO_PuPd
PB0.GPIO_ModeDefaultPP=GPIO_MODE_AF_PP
PB0.GPIO_PuPd=GPIO_NOPULL
PB0.GPIO_Speed=GPIO_SPEED_FREQ_LOW
PB0.Mode=PWM Generation2 CH2 CH2N
PB0.Signal=TIM1_CH2N
PB1.GPIOParameters=GPIO_ModeDefaultPP,GPIO_Speed,GPIO_PuPd
PB1.GPIO_ModeDefaultPP=GPIO_MODE_AF_PP
PB1.GPIO_PuPd=GPIO_NOPULL
PB1.GPIO_Speed=GPIO_SPEED_FREQ_LOW
PB1.Mode=PWM Generation3 CH3 CH3N
PB1.Signal=TIM1_CH3N
PB10.GPIOParameters=GPIO_Label
PB10.GPIO_Label=ADC_CLK
PB10.Mode=Full_Duplex_Master
PB10.Signal=SPI2_SCK
PB11.GPIOParameters=PinState,GPIO_Label
PB11.GPIO_Label=ADC_CS
PB11.Locked=true
PB11.PinState=GPIO_PIN_SET
PB11.Signal=GPIO_Output
PB3.GPIOParameters=GPIO_Label
PB3.GPIO_Label=OLED_CLK
PB3.Mode=TX_Only_Simplex_Unidirect_Master
PB3.Signal=SPI1_SCK
PB4.GPIOParameters=PinState,GPIO_Label
PB4.GPIO_Label=OLED_CS
PB4.Locked=true
PB4.PinState=GPIO_PIN_SET
PB4.Signal=GPIO_Output
PB5.GPIOParameters=GPIO_Label
PB5.GPIO_Label=OLED_MOSI
PB5.Mode=TX_Only_Simplex_Unidirect_Master
PB5.Signal=SPI1_MOSI
PB6.GPIOParameters=PinState,GPIO_Label
PB6.GPIO_Label=OLED_RESET
PB6.Locked=true
PB6.PinState=GPIO_PIN_SET
PB6.Signal=GPIO_Output
PB7.GPIOParameters=GPIO_Label
PB7.GPIO_Label=EEPROM_SDA
PB7.Mode=I2C
PB7.Signal=I2C1_SDA
PB8.GPIOParameters=GPIO_Label
PB8.GPIO_Label=EEPROM_SCL
PB8.Mode=I2C
PB8.Signal=I2C1_SCL
PB9.GPIOParameters=PinState,GPIO_Label
PB9.GPIO_Label=MODBUS_DE
PB9.Locked=true
PB9.PinState=GPIO_PIN_SET
PB9.Signal=GPIO_Output
PC10.Mode=Full_Duplex_Master
PC10.Signal=SPI3_SCK
PC11.Mode=Full_Duplex_Master
PC11.Signal=SPI3_MISO
PC12.Mode=Full_Duplex_Master
PC12.Signal=SPI3_MOSI
PC2.GPIOParameters=GPIO_Label
PC2.GPIO_Label=ADC_MISO
PC2.Mode=Full_Duplex_Master
PC2.Signal=SPI2_MISO
PC3.GPIOParameters=GPIO_Label
PC3.GPIO_Label=ADC_MOSI
PC3.Mode=Full_Duplex_Master
PC3.Signal=SPI2_MOSI
PC4.GPIOParameters=GPIO_Label
PC4.GPIO_Label=SOFTSTART
PC4.Locked=true
PC4.Signal=GPIO_Output
PC5.GPIOParameters=GPIO_Label
PC5.GPIO_Label=ENC_SHORT
PC5.Locked=true
PC5.Signal=GPXTI5
PC6.GPIOParameters=GPIO_Label
PC6.GPIO_Label=ENC_A
PC6.Signal=S_TIM3_CH1
PC7.GPIOParameters=GPIO_Label
PC7.GPIO_Label=ENC_B
PC7.Signal=S_TIM3_CH2
PC8.GPIOParameters=GPIO_Label
PC8.GPIO_Label=ENC_Z
PC8.Locked=true
PC8.Signal=GPXTI8
PC9.GPIOParameters=GPIO_Label
PC9.GPIO_Label=ENC_ENABLE
PC9.Locked=true
PC9.Signal=GPIO_Output
PD0.Mode=CAN_Activate
PD0.Signal=CAN1_RX
PD1.Mode=CAN_Activate
PD1.Signal=CAN1_TX
PD10.GPIOParameters=GPIO_PuPd,GPIO_Label
PD10.GPIO_Label=BTN_DOWN
PD10.GPIO_PuPd=GPIO_PULLUP
PD10.Locked=true
PD10.Signal=GPIO_Input
PD11.GPIOParameters=GPIO_PuPd,GPIO_Label
PD11.GPIO_Label=BTN_BACK
PD11.GPIO_PuPd=GPIO_PULLUP
PD11.Locked=true
PD11.Signal=GPIO_Input
PD12.GPIOParameters=GPIO_Label
PD12.GPIO_Label=STEP_IN
PD12.Signal=S_TIM4_CH1
PD13.GPIOParameters=GPIO_Label,GPIO_ModeDefaultEXTI
PD13.GPIO_Label=DIR_IN
PD13.GPIO_ModeDefaultEXTI=GPIO_MODE_IT_RISING_FALLING
PD13.Locked=true
PD13.Signal=GPXTI13
PD14.GPIOParameters=PinState,GPIO_Label
PD14.GPIO_Label=LED_STATUS
PD14.Locked=true
PD14.PinState=GPIO_PIN_SET
PD14.Signal=GPIO_Output
PD15.GPIOParameters=PinState,GPIO_Label
PD15.GPIO_Label=LED_ERROR
PD15.Locked=true
PD15.PinState=GPIO_PIN_SET
PD15.Signal=GPIO_Output
PD2.GPIOParameters=GPIO_Label
PD2.GPIO_Label=ETH_INT
PD2.Locked=true
PD2.Signal=GPXTI2
PD3.GPIOParameters=GPIO_Label
PD3.GPIO_Label=ETH_RESET
PD3.Locked=true
PD3.Signal=GPIO_Output
PD4.GPIOParameters=PinState,GPIO_Label
PD4.GPIO_Label=ETH_CS
PD4.Locked=true
PD4.PinState=GPIO_PIN_SET
PD4.Signal=GPIO_Output
PD5.GPIOParameters=GPIO_Label
PD5.GPIO_Label=MODBUS_TX
PD5.Mode=Asynchronous
PD5.Signal=USART2_TX
PD6.GPIOParameters=GPIO_Label
PD6.GPIO_Label=MODBUS_RX
PD6.Mode=Asynchronous
PD6.Signal=USART2_RX
PD7.GPIOParameters=GPIO_Label
PD7.GPIO_Label=MODBUS_DE
PD7.Locked=true
PD7.Signal=GPIO_Output
PD8.GPIOParameters=GPIO_PuPd,GPIO_Label
PD8.GPIO_Label=BTN_ENT
PD8.GPIO_PuPd=GPIO_PULLUP
PD8.Locked=true
PD8.Signal=GPIO_Input
PD9.GPIOParameters=GPIO_PuPd,GPIO_Label
PD9.GPIO_Label=BTN_UP
PD9.GPIO_PuPd=GPIO_PULLUP
PD9.Locked=true
PD9.Signal=GPIO_Input
PE0.GPIOParameters=GPIO_Label
PE0.GPIO_Label=DIN1
PE0.Locked=true
PE0.Signal=GPIO_Input
PE1.GPIOParameters=GPIO_Label
PE1.GPIO_Label=DIN2
PE1.Locked=true
PE1.Signal=GPIO_Input
PE11.GPIOParameters=GPIO_ModeDefaultPP,GPIO_Speed,GPIO_PuPd
PE11.GPIO_ModeDefaultPP=GPIO_MODE_AF_PP
PE11.GPIO_PuPd=GPIO_NOPULL
PE11.GPIO_Speed=GPIO_SPEED_FREQ_LOW
PE11.Signal=S_TIM1_CH2
PE13.GPIOParameters=GPIO_ModeDefaultPP,GPIO_Speed,GPIO_PuPd
PE13.GPIO_ModeDefaultPP=GPIO_MODE_AF_PP
PE13.GPIO_PuPd=GPIO_NOPULL
PE13.GPIO_Speed=GPIO_SPEED_FREQ_LOW
PE13.Signal=S_TIM1_CH3
PE15.Mode=Activate-Break-Input
PE15.Signal=TIM1_BKIN
PE2.GPIOParameters=GPIO_Label
PE2.GPIO_Label=DIN3
PE2.Locked=true
PE2.Signal=GPIO_Input
PE3.GPIOParameters=GPIO_Label
PE3.GPIO_Label=DIN4
PE3.Locked=true
PE3.Signal=GPIO_Input
PE4.GPIOParameters=GPIO_Label
PE4.GPIO_Label=DIN5
PE4.Locked=true
PE4.Signal=GPIO_Input
PE5.GPIOParameters=GPIO_Label
PE5.GPIO_Label=DOUT1
PE5.Locked=true
PE5.Signal=GPIO_Output
PE6.GPIOParameters=GPIO_Label
PE6.GPIO_Label=DOUT2
PE6.Locked=true
PE6.Signal=GPIO_Output
PE8.GPIOParameters=GPIO_ModeDefaultPP,GPIO_Speed,GPIO_PuPd
PE8.GPIO_ModeDefaultPP=GPIO_MODE_AF_PP
PE8.GPIO_PuPd=GPIO_NOPULL
PE8.GPIO_Speed=GPIO_SPEED_FREQ_LOW
PE8.Mode=PWM Generation1 CH1 CH1N
PE8.Signal=TIM1_CH1N
PE9.GPIOParameters=GPIO_ModeDefaultPP,GPIO_Speed,GPIO_PuPd
PE9.GPIO_ModeDefaultPP=GPIO_MODE_AF_PP
PE9.GPIO_PuPd=GPIO_NOPULL
PE9.GPIO_Speed=GPIO_SPEED_FREQ_LOW
PE9.Signal=S_TIM1_CH1
PH0-OSC_IN.Mode=HSE-External-Oscillator
PH0-OSC_IN.Signal=RCC_OSC_IN
PH1-OSC_OUT.Mode=HSE-External-Oscillator
PH1-OSC_OUT.Signal=RCC_OSC_OUT
PinOutPanel.RotationAngle=0
ProjectManager.AskForMigrate=true
ProjectManager.BackupPrevious=false
ProjectManager.CompilerOptimize=6
ProjectManager.ComputerToolchain=false
ProjectManager.CoupleFile=false
ProjectManager.CustomerFirmwarePackage=
ProjectManager.DefaultFWLocation=true
ProjectManager.DeletePrevious=true
ProjectManager.DeviceId=STM32F407VETx
ProjectManager.FirmwarePackage=STM32Cube FW_F4 V1.27.1
ProjectManager.FreePins=false
ProjectManager.HalAssertFull=false
ProjectManager.HeapSize=0x200
ProjectManager.KeepUserCode=true
ProjectManager.LastFirmware=true
ProjectManager.LibraryCopy=1
ProjectManager.MainLocation=Core/Src
ProjectManager.NoMain=false
ProjectManager.PreviousToolchain=
ProjectManager.ProjectBuild=false
ProjectManager.ProjectFileName=servo407.ioc
ProjectManager.ProjectName=servo407
ProjectManager.ProjectStructure=
ProjectManager.RegisterCallBack=
ProjectManager.StackSize=0x400
ProjectManager.TargetToolchain=STM32CubeIDE
ProjectManager.ToolChainLocation=
ProjectManager.UnderRoot=true
ProjectManager.functionlistsort=1-SystemClock_Config-RCC-false-HAL-false,2-MX_GPIO_Init-GPIO-false-HAL-true,3-MX_DMA_Init-DMA-false-HAL-true,4-MX_ADC1_Init-ADC1-false-HAL-true,5-MX_ADC2_Init-ADC2-false-HAL-true,6-MX_CAN1_Init-CAN1-false-HAL-true,7-MX_DAC_Init-DAC-false-HAL-true,8-MX_SPI1_Init-SPI1-false-HAL-true,9-MX_SPI2_Init-SPI2-false-HAL-true,10-MX_TIM1_Init-TIM1-false-HAL-true,11-MX_TIM3_Init-TIM3-false-HAL-true,12-MX_TIM4_Init-TIM4-false-HAL-true,13-MX_USART1_UART_Init-USART1-false-HAL-true,14-MX_USART2_UART_Init-USART2-false-HAL-true,15-MX_I2C1_Init-I2C1-false-HAL-true,16-MX_SPI3_Init-SPI3-false-HAL-true,17-MX_TIM2_Init-TIM2-false-HAL-true,18-MX_USB_DEVICE_Init-USB_DEVICE-false-HAL-false,19-MX_TIM5_Init-TIM5-false-HAL-true,20-MX_TIM6_Init-TIM6-false-HAL-true
RCC.48MHZClocksFreq_Value=48000000
RCC.AHBFreq_Value=168000000
RCC.APB1CLKDivider=RCC_HCLK_DIV4
RCC.APB1Freq_Value=42000000
RCC.APB1TimFreq_Value=84000000
RCC.APB2CLKDivider=RCC_HCLK_DIV2
RCC.APB2Freq_Value=84000000
RCC.APB2TimFreq_Value=168000000
RCC.CortexFreq_Value=168000000
RCC.EthernetFreq_Value=168000000
RCC.FCLKCortexFreq_Value=168000000
RCC.FamilyName=M
RCC.HCLKFreq_Value=168000000
RCC.HSE_VALUE=16000000
RCC.HSI_VALUE=16000000
RCC.I2SClocksFreq_Value=192000000
RCC.IPParameters=48MHZClocksFreq_Value,AHBFreq_Value,APB1CLKDivider,APB1Freq_Value,APB1TimFreq_Value,APB2CLKDivider,APB2Freq_Value,APB2TimFreq_Value,CortexFreq_Value,EthernetFreq_Value,FCLKCortexFreq_Value,FamilyName,HCLKFreq_Value,HSE_VALUE,HSI_VALUE,I2SClocksFreq_Value,LSE_VALUE,LSI_VALUE,MCO2PinFreq_Value,PLLCLKFreq_Value,PLLM,PLLN,PLLQ,PLLQCLKFreq_Value,RTCFreq_Value,RTCHSEDivFreq_Value,SYSCLKFreq_VALUE,SYSCLKSource,VCOI2SOutputFreq_Value,VCOInputFreq_Value,VCOOutputFreq_Value,VcooutputI2S
RCC.LSE_VALUE=32768
RCC.LSI_VALUE=32000
RCC.MCO2PinFreq_Value=168000000
RCC.PLLCLKFreq_Value=168000000
RCC.PLLM=8
RCC.PLLN=168
RCC.PLLQ=7
RCC.PLLQCLKFreq_Value=48000000
RCC.RTCFreq_Value=32000
RCC.RTCHSEDivFreq_Value=8000000
RCC.SYSCLKFreq_VALUE=168000000
RCC.SYSCLKSource=RCC_SYSCLKSOURCE_PLLCLK
RCC.VCOI2SOutputFreq_Value=384000000
RCC.VCOInputFreq_Value=2000000
RCC.VCOOutputFreq_Value=336000000
RCC.VcooutputI2S=192000000
SH.ADCx_IN2.0=ADC1_IN2,IN2
SH.ADCx_IN2.ConfNb=1
SH.ADCx_IN3.0=ADC1_IN3,IN3
SH.ADCx_IN3.ConfNb=1
SH.ADCx_IN6.0=ADC1_IN6
SH.ADCx_IN6.1=ADC2_IN6,IN6
SH.ADCx_IN6.ConfNb=2
SH.ADCx_IN7.0=ADC1_IN7
SH.ADCx_IN7.1=ADC2_IN7,IN7
SH.ADCx_IN7.ConfNb=2
SH.COMP_DAC1_group.0=DAC_OUT1,DAC_OUT1
SH.COMP_DAC1_group.ConfNb=1
SH.COMP_DAC2_group.0=DAC_OUT2,DAC_OUT2
SH.COMP_DAC2_group.ConfNb=1
SH.GPXTI1.0=GPIO_EXTI1
SH.GPXTI1.ConfNb=1
SH.GPXTI13.0=GPIO_EXTI13
SH.GPXTI13.ConfNb=1
SH.GPXTI2.0=GPIO_EXTI2
SH.GPXTI2.ConfNb=1
SH.GPXTI5.0=GPIO_EXTI5
SH.GPXTI5.ConfNb=1
SH.GPXTI8.0=GPIO_EXTI8
SH.GPXTI8.ConfNb=1
SH.S_TIM1_CH1.0=TIM1_CH1,PWM Generation1 CH1 CH1N
SH.S_TIM1_CH1.ConfNb=1
SH.S_TIM1_CH2.0=TIM1_CH2,PWM Generation2 CH2 CH2N
SH.S_TIM1_CH2.ConfNb=1
SH.S_TIM1_CH3.0=TIM1_CH3,PWM Generation3 CH3 CH3N
SH.S_TIM1_CH3.ConfNb=1
SH.S_TIM2_CH1_ETR.0=TIM2_CH1,PWM Generation1 CH1
SH.S_TIM2_CH1_ETR.ConfNb=1
SH.S_TIM3_CH1.0=TIM3_CH1,Encoder_Interface
SH.S_TIM3_CH1.ConfNb=1
SH.S_TIM3_CH2.0=TIM3_CH2,Encoder_Interface
SH.S_TIM3_CH2.ConfNb=1
SH.S_TIM4_CH1.0=TIM4_CH1,TriggerSource_TI1FP1
SH.S_TIM4_CH1.ConfNb=1
SPI1.BaudRatePrescaler=SPI_BAUDRATEPRESCALER_32
SPI1.CalculateBaudRate=2.625 MBits/s
SPI1.Direction=SPI_DIRECTION_2LINES
SPI1.IPParameters=VirtualType,Mode,Direction,CalculateBaudRate,BaudRatePrescaler
SPI1.Mode=SPI_MODE_MASTER
SPI1.VirtualType=VM_MASTER
SPI2.BaudRatePrescaler=SPI_BAUDRATEPRESCALER_128
SPI2.CalculateBaudRate=328.125 KBits/s
SPI2.Direction=SPI_DIRECTION_2LINES
SPI2.IPParameters=VirtualType,Mode,Direction,CalculateBaudRate,BaudRatePrescaler
SPI2.Mode=SPI_MODE_MASTER
SPI2.VirtualType=VM_MASTER
SPI3.CalculateBaudRate=21.0 MBits/s
SPI3.Direction=SPI_DIRECTION_2LINES
SPI3.IPParameters=VirtualType,Mode,Direction,CalculateBaudRate
SPI3.Mode=SPI_MODE_MASTER
SPI3.VirtualType=VM_MASTER
TIM1.AutoReloadPreload=TIM_AUTORELOAD_PRELOAD_DISABLE
TIM1.BreakPolarity=TIM_BREAKPOLARITY_HIGH
TIM1.BreakState=TIM_BREAK_ENABLE
TIM1.Channel-PWM\ Generation1\ CH1\ CH1N=TIM_CHANNEL_1
TIM1.Channel-PWM\ Generation2\ CH2\ CH2N=TIM_CHANNEL_2
TIM1.Channel-PWM\ Generation3\ CH3\ CH3N=TIM_CHANNEL_3
TIM1.CounterMode=TIM_COUNTERMODE_CENTERALIGNED1
TIM1.DeadTime=90
TIM1.IPParameters=Channel-PWM Generation1 CH1 CH1N,Channel-PWM Generation2 CH2 CH2N,Channel-PWM Generation3 CH3 CH3N,Period,CounterMode,DeadTime,Pulse-PWM Generation1 CH1 CH1N,Pulse-PWM Generation2 CH2 CH2N,Pulse-PWM Generation3 CH3 CH3N,OCNPolarity_1,OCNPolarity_2,OCNPolarity_3,OCFastMode_PWM-PWM Generation3 CH3 CH3N,AutoReloadPreload,OCFastMode_PWM-PWM Generation1 CH1 CH1N,OCFastMode_PWM-PWM Generation2 CH2 CH2N,OC3Preload_PWM,OC2Preload_PWM,OC1Preload_PWM,OCPolarity_1,OCPolarity_2,OCPolarity_3,OCMode_PWM-PWM Generation3 CH3 CH3N,OCMode_PWM-PWM Generation2 CH2 CH2N,OCMode_PWM-PWM Generation1 CH1 CH1N,BreakPolarity,BreakState
TIM1.OC1Preload_PWM=DISABLE
TIM1.OC2Preload_PWM=DISABLE
TIM1.OC3Preload_PWM=DISABLE
TIM1.OCFastMode_PWM-PWM\ Generation1\ CH1\ CH1N=TIM_OCFAST_DISABLE
TIM1.OCFastMode_PWM-PWM\ Generation2\ CH2\ CH2N=TIM_OCFAST_DISABLE
TIM1.OCFastMode_PWM-PWM\ Generation3\ CH3\ CH3N=TIM_OCFAST_DISABLE
TIM1.OCMode_PWM-PWM\ Generation1\ CH1\ CH1N=TIM_OCMODE_PWM1
TIM1.OCMode_PWM-PWM\ Generation2\ CH2\ CH2N=TIM_OCMODE_PWM1
TIM1.OCMode_PWM-PWM\ Generation3\ CH3\ CH3N=TIM_OCMODE_PWM1
TIM1.OCNPolarity_1=TIM_OCNPOLARITY_HIGH
TIM1.OCNPolarity_2=TIM_OCNPOLARITY_HIGH
TIM1.OCNPolarity_3=TIM_OCNPOLARITY_HIGH
TIM1.OCPolarity_1=TIM_OCPOLARITY_HIGH
TIM1.OCPolarity_2=TIM_OCPOLARITY_HIGH
TIM1.OCPolarity_3=TIM_OCPOLARITY_HIGH
TIM1.Period=10499
TIM1.Pulse-PWM\ Generation1\ CH1\ CH1N=0
TIM1.Pulse-PWM\ Generation2\ CH2\ CH2N=0
TIM1.Pulse-PWM\ Generation3\ CH3\ CH3N=0
TIM2.Channel-PWM\ Generation1\ CH1=TIM_CHANNEL_1
TIM2.CounterMode=TIM_COUNTERMODE_CENTERALIGNED1
TIM2.IPParameters=Channel-PWM Generation1 CH1,Period,CounterMode,OCFastMode_PWM-PWM Generation1 CH1
TIM2.OCFastMode_PWM-PWM\ Generation1\ CH1=TIM_OCFAST_ENABLE
TIM2.Period=10499
TIM3.IC1Filter=5
TIM3.IC2Filter=5
TIM3.IPParameters=IC1Filter,IC2Filter
TIM4.IPParameters=Period,Slave_TriggerPolarity
TIM4.Period=65535
TIM4.Slave_TriggerPolarity=TIM_TRIGGERPOLARITY_FALLING
TIM5.AutoReloadPreload=TIM_AUTORELOAD_PRELOAD_ENABLE
TIM5.IPParameters=Period,AutoReloadPreload
TIM5.Period=10499
TIM6.AutoReloadPreload=TIM_AUTORELOAD_PRELOAD_ENABLE
TIM6.IPParameters=Prescaler,AutoReloadPreload,Period
TIM6.Period=20999
TIM6.Prescaler=3
USART1.BaudRate=2500000
USART1.IPParameters=VirtualMode,BaudRate
USART1.VirtualMode=VM_ASYNC
USART2.IPParameters=VirtualMode
USART2.VirtualMode=VM_ASYNC
USB_DEVICE.CLASS_NAME_FS=CDC
USB_DEVICE.IPParameters=VirtualMode-CDC_FS,VirtualModeFS,CLASS_NAME_FS,PRODUCT_STRING_CDC_FS
USB_DEVICE.PRODUCT_STRING_CDC_FS=Servo2
USB_DEVICE.VirtualMode-CDC_FS=Cdc
USB_DEVICE.VirtualModeFS=Cdc_FS
USB_OTG_FS.IPParameters=VirtualMode
USB_OTG_FS.VirtualMode=Device_Only
VP_ADC1_TempSens_Input.Mode=IN-TempSens
VP_ADC1_TempSens_Input.Signal=ADC1_TempSens_Input
VP_FREERTOS_VS_CMSIS_V2.Mode=CMSIS_V2
VP_FREERTOS_VS_CMSIS_V2.Signal=FREERTOS_VS_CMSIS_V2
VP_SYS_VS_tim11.Mode=TIM11
VP_SYS_VS_tim11.Signal=SYS_VS_tim11
VP_TIM1_VS_ClockSourceINT.Mode=Internal
VP_TIM1_VS_ClockSourceINT.Signal=TIM1_VS_ClockSourceINT
VP_TIM4_VS_ControllerModeClock.Mode=Clock Mode
VP_TIM4_VS_ControllerModeClock.Signal=TIM4_VS_ControllerModeClock
VP_TIM5_VS_ClockSourceINT.Mode=Internal
VP_TIM5_VS_ClockSourceINT.Signal=TIM5_VS_ClockSourceINT
VP_TIM6_VS_ClockSourceINT.Mode=Enable_Timer
VP_TIM6_VS_ClockSourceINT.Signal=TIM6_VS_ClockSourceINT
VP_USB_DEVICE_VS_USB_DEVICE_CDC_FS.Mode=CDC_FS
VP_USB_DEVICE_VS_USB_DEVICE_CDC_FS.Signal=USB_DEVICE_VS_USB_DEVICE_CDC_FS
board=custom
rtos.0.ip=FREERTOS
isbadioc=false
